// !$*UTF8*$!
{
	archiveVersion = 1;
	classes = {
	};
	objectVersion = 46;
	objects = {

/* Begin PBXBuildFile section */
		BD075A6819BF7A9E009904DD /* Foundation.framework in Frameworks */ = {isa = PBXBuildFile; fileRef = BD075A6719BF7A9E009904DD /* Foundation.framework */; };
		BD075A6A19BF7A9E009904DD /* CoreGraphics.framework in Frameworks */ = {isa = PBXBuildFile; fileRef = BD075A6919BF7A9E009904DD /* CoreGraphics.framework */; };
		BD075A6C19BF7A9E009904DD /* UIKit.framework in Frameworks */ = {isa = PBXBuildFile; fileRef = BD075A6B19BF7A9E009904DD /* UIKit.framework */; };
		BD075A7219BF7A9E009904DD /* InfoPlist.strings in Resources */ = {isa = PBXBuildFile; fileRef = BD075A7019BF7A9E009904DD /* InfoPlist.strings */; };
		BD075A7419BF7A9E009904DD /* main.m in Sources */ = {isa = PBXBuildFile; fileRef = BD075A7319BF7A9E009904DD /* main.m */; };
		BD075A7819BF7A9E009904DD /* DBTAppDelegate.m in Sources */ = {isa = PBXBuildFile; fileRef = BD075A7719BF7A9E009904DD /* DBTAppDelegate.m */; };
		BD075A7A19BF7A9E009904DD /* Images.xcassets in Resources */ = {isa = PBXBuildFile; fileRef = BD075A7919BF7A9E009904DD /* Images.xcassets */; };
		BD075A8119BF7A9E009904DD /* XCTest.framework in Frameworks */ = {isa = PBXBuildFile; fileRef = BD075A8019BF7A9E009904DD /* XCTest.framework */; };
		BD075A8219BF7A9E009904DD /* Foundation.framework in Frameworks */ = {isa = PBXBuildFile; fileRef = BD075A6719BF7A9E009904DD /* Foundation.framework */; };
		BD075A8319BF7A9E009904DD /* UIKit.framework in Frameworks */ = {isa = PBXBuildFile; fileRef = BD075A6B19BF7A9E009904DD /* UIKit.framework */; };
		BD075A8B19BF7A9E009904DD /* InfoPlist.strings in Resources */ = {isa = PBXBuildFile; fileRef = BD075A8919BF7A9E009904DD /* InfoPlist.strings */; };
		BD075A8D19BF7A9E009904DD /* TimeInTests.m in Sources */ = {isa = PBXBuildFile; fileRef = BD075A8C19BF7A9E009904DD /* TimeInTests.m */; };
		BD075A9819BF7B37009904DD /* DBTTimeRecordsViewController.m in Sources */ = {isa = PBXBuildFile; fileRef = BD075A9719BF7B37009904DD /* DBTTimeRecordsViewController.m */; };
		BD075A9B19BF7F7B009904DD /* DBTTimeRecord.m in Sources */ = {isa = PBXBuildFile; fileRef = BD075A9A19BF7F7B009904DD /* DBTTimeRecord.m */; };
		BD075A9E19BF8651009904DD /* DBTTimeRecordStore.m in Sources */ = {isa = PBXBuildFile; fileRef = BD075A9D19BF8651009904DD /* DBTTimeRecordStore.m */; };
		BD075AA319BF99D3009904DD /* HeaderView.xib in Resources */ = {isa = PBXBuildFile; fileRef = BD075AA219BF99D3009904DD /* HeaderView.xib */; };
		BD075AA719BFA4F4009904DD /* DBTDetailViewController.m in Sources */ = {isa = PBXBuildFile; fileRef = BD075AA519BFA4F4009904DD /* DBTDetailViewController.m */; };
		BD075AA819BFA4F4009904DD /* DBTDetailViewController.xib in Resources */ = {isa = PBXBuildFile; fileRef = BD075AA619BFA4F4009904DD /* DBTDetailViewController.xib */; };
		BD075AB119C01A31009904DD /* DBTStatusViewController.m in Sources */ = {isa = PBXBuildFile; fileRef = BD075AB019C01A31009904DD /* DBTStatusViewController.m */; };
		BD075AB419C01C61009904DD /* DBTStatusView.m in Sources */ = {isa = PBXBuildFile; fileRef = BD075AB319C01C61009904DD /* DBTStatusView.m */; };
/* End PBXBuildFile section */

/* Begin PBXContainerItemProxy section */
		BD075A8419BF7A9E009904DD /* PBXContainerItemProxy */ = {
			isa = PBXContainerItemProxy;
			containerPortal = BD075A5C19BF7A9E009904DD /* Project object */;
			proxyType = 1;
			remoteGlobalIDString = BD075A6319BF7A9E009904DD;
			remoteInfo = TimeIn;
		};
/* End PBXContainerItemProxy section */

/* Begin PBXFileReference section */
		BD075A6419BF7A9E009904DD /* TimeIn.app */ = {isa = PBXFileReference; explicitFileType = wrapper.application; includeInIndex = 0; path = TimeIn.app; sourceTree = BUILT_PRODUCTS_DIR; };
		BD075A6719BF7A9E009904DD /* Foundation.framework */ = {isa = PBXFileReference; lastKnownFileType = wrapper.framework; name = Foundation.framework; path = System/Library/Frameworks/Foundation.framework; sourceTree = SDKROOT; };
		BD075A6919BF7A9E009904DD /* CoreGraphics.framework */ = {isa = PBXFileReference; lastKnownFileType = wrapper.framework; name = CoreGraphics.framework; path = System/Library/Frameworks/CoreGraphics.framework; sourceTree = SDKROOT; };
		BD075A6B19BF7A9E009904DD /* UIKit.framework */ = {isa = PBXFileReference; lastKnownFileType = wrapper.framework; name = UIKit.framework; path = System/Library/Frameworks/UIKit.framework; sourceTree = SDKROOT; };
		BD075A6F19BF7A9E009904DD /* TimeIn-Info.plist */ = {isa = PBXFileReference; lastKnownFileType = text.plist.xml; path = "TimeIn-Info.plist"; sourceTree = "<group>"; };
		BD075A7119BF7A9E009904DD /* en */ = {isa = PBXFileReference; lastKnownFileType = text.plist.strings; name = en; path = en.lproj/InfoPlist.strings; sourceTree = "<group>"; };
		BD075A7319BF7A9E009904DD /* main.m */ = {isa = PBXFileReference; lastKnownFileType = sourcecode.c.objc; path = main.m; sourceTree = "<group>"; };
		BD075A7519BF7A9E009904DD /* TimeIn-Prefix.pch */ = {isa = PBXFileReference; lastKnownFileType = sourcecode.c.h; path = "TimeIn-Prefix.pch"; sourceTree = "<group>"; };
		BD075A7619BF7A9E009904DD /* DBTAppDelegate.h */ = {isa = PBXFileReference; lastKnownFileType = sourcecode.c.h; path = DBTAppDelegate.h; sourceTree = "<group>"; };
		BD075A7719BF7A9E009904DD /* DBTAppDelegate.m */ = {isa = PBXFileReference; lastKnownFileType = sourcecode.c.objc; path = DBTAppDelegate.m; sourceTree = "<group>"; };
		BD075A7919BF7A9E009904DD /* Images.xcassets */ = {isa = PBXFileReference; lastKnownFileType = folder.assetcatalog; path = Images.xcassets; sourceTree = "<group>"; };
		BD075A7F19BF7A9E009904DD /* TimeInTests.xctest */ = {isa = PBXFileReference; explicitFileType = wrapper.cfbundle; includeInIndex = 0; path = TimeInTests.xctest; sourceTree = BUILT_PRODUCTS_DIR; };
		BD075A8019BF7A9E009904DD /* XCTest.framework */ = {isa = PBXFileReference; lastKnownFileType = wrapper.framework; name = XCTest.framework; path = Library/Frameworks/XCTest.framework; sourceTree = DEVELOPER_DIR; };
		BD075A8819BF7A9E009904DD /* TimeInTests-Info.plist */ = {isa = PBXFileReference; lastKnownFileType = text.plist.xml; path = "TimeInTests-Info.plist"; sourceTree = "<group>"; };
		BD075A8A19BF7A9E009904DD /* en */ = {isa = PBXFileReference; lastKnownFileType = text.plist.strings; name = en; path = en.lproj/InfoPlist.strings; sourceTree = "<group>"; };
		BD075A8C19BF7A9E009904DD /* TimeInTests.m */ = {isa = PBXFileReference; lastKnownFileType = sourcecode.c.objc; path = TimeInTests.m; sourceTree = "<group>"; };
		BD075A9619BF7B37009904DD /* DBTTimeRecordsViewController.h */ = {isa = PBXFileReference; fileEncoding = 4; lastKnownFileType = sourcecode.c.h; name = DBTTimeRecordsViewController.h; path = ../DBTTimeRecordsViewController.h; sourceTree = "<group>"; };
		BD075A9719BF7B37009904DD /* DBTTimeRecordsViewController.m */ = {isa = PBXFileReference; fileEncoding = 4; lastKnownFileType = sourcecode.c.objc; name = DBTTimeRecordsViewController.m; path = ../DBTTimeRecordsViewController.m; sourceTree = "<group>"; };
		BD075A9919BF7F7B009904DD /* DBTTimeRecord.h */ = {isa = PBXFileReference; fileEncoding = 4; lastKnownFileType = sourcecode.c.h; path = DBTTimeRecord.h; sourceTree = "<group>"; };
		BD075A9A19BF7F7B009904DD /* DBTTimeRecord.m */ = {isa = PBXFileReference; fileEncoding = 4; lastKnownFileType = sourcecode.c.objc; path = DBTTimeRecord.m; sourceTree = "<group>"; };
		BD075A9C19BF8651009904DD /* DBTTimeRecordStore.h */ = {isa = PBXFileReference; fileEncoding = 4; lastKnownFileType = sourcecode.c.h; path = DBTTimeRecordStore.h; sourceTree = "<group>"; };
		BD075A9D19BF8651009904DD /* DBTTimeRecordStore.m */ = {isa = PBXFileReference; fileEncoding = 4; lastKnownFileType = sourcecode.c.objc; path = DBTTimeRecordStore.m; sourceTree = "<group>"; };
		BD075AA219BF99D3009904DD /* HeaderView.xib */ = {isa = PBXFileReference; fileEncoding = 4; lastKnownFileType = file.xib; path = HeaderView.xib; sourceTree = "<group>"; };
		BD075AA419BFA4F4009904DD /* DBTDetailViewController.h */ = {isa = PBXFileReference; fileEncoding = 4; lastKnownFileType = sourcecode.c.h; path = DBTDetailViewController.h; sourceTree = "<group>"; };
		BD075AA519BFA4F4009904DD /* DBTDetailViewController.m */ = {isa = PBXFileReference; fileEncoding = 4; lastKnownFileType = sourcecode.c.objc; path = DBTDetailViewController.m; sourceTree = "<group>"; };
		BD075AA619BFA4F4009904DD /* DBTDetailViewController.xib */ = {isa = PBXFileReference; fileEncoding = 4; lastKnownFileType = file.xib; path = DBTDetailViewController.xib; sourceTree = "<group>"; };
		BD075AAF19C01A31009904DD /* DBTStatusViewController.h */ = {isa = PBXFileReference; fileEncoding = 4; lastKnownFileType = sourcecode.c.h; path = DBTStatusViewController.h; sourceTree = "<group>"; };
		BD075AB019C01A31009904DD /* DBTStatusViewController.m */ = {isa = PBXFileReference; fileEncoding = 4; lastKnownFileType = sourcecode.c.objc; path = DBTStatusViewController.m; sourceTree = "<group>"; };
		BD075AB219C01C61009904DD /* DBTStatusView.h */ = {isa = PBXFileReference; fileEncoding = 4; lastKnownFileType = sourcecode.c.h; path = DBTStatusView.h; sourceTree = "<group>"; };
		BD075AB319C01C61009904DD /* DBTStatusView.m */ = {isa = PBXFileReference; fileEncoding = 4; lastKnownFileType = sourcecode.c.objc; path = DBTStatusView.m; sourceTree = "<group>"; };
		BD075ABA19C044E5009904DD /* Constants.h */ = {isa = PBXFileReference; lastKnownFileType = sourcecode.c.h; path = Constants.h; sourceTree = "<group>"; };
		BD075ABB19C0454D009904DD /* Macros.h */ = {isa = PBXFileReference; fileEncoding = 4; lastKnownFileType = sourcecode.c.h; path = Macros.h; sourceTree = "<group>"; };
/* End PBXFileReference section */

/* Begin PBXFrameworksBuildPhase section */
		BD075A6119BF7A9E009904DD /* Frameworks */ = {
			isa = PBXFrameworksBuildPhase;
			buildActionMask = 2147483647;
			files = (
				BD075A6A19BF7A9E009904DD /* CoreGraphics.framework in Frameworks */,
				BD075A6C19BF7A9E009904DD /* UIKit.framework in Frameworks */,
				BD075A6819BF7A9E009904DD /* Foundation.framework in Frameworks */,
			);
			runOnlyForDeploymentPostprocessing = 0;
		};
		BD075A7C19BF7A9E009904DD /* Frameworks */ = {
			isa = PBXFrameworksBuildPhase;
			buildActionMask = 2147483647;
			files = (
				BD075A8119BF7A9E009904DD /* XCTest.framework in Frameworks */,
				BD075A8319BF7A9E009904DD /* UIKit.framework in Frameworks */,
				BD075A8219BF7A9E009904DD /* Foundation.framework in Frameworks */,
			);
			runOnlyForDeploymentPostprocessing = 0;
		};
/* End PBXFrameworksBuildPhase section */

/* Begin PBXGroup section */
		BD075A5B19BF7A9E009904DD = {
			isa = PBXGroup;
			children = (
				BD075A6D19BF7A9E009904DD /* TimeIn */,
				BD075A8619BF7A9E009904DD /* TimeInTests */,
				BD075A6619BF7A9E009904DD /* Frameworks */,
				BD075A6519BF7A9E009904DD /* Products */,
			);
			sourceTree = "<group>";
		};
		BD075A6519BF7A9E009904DD /* Products */ = {
			isa = PBXGroup;
			children = (
				BD075A6419BF7A9E009904DD /* TimeIn.app */,
				BD075A7F19BF7A9E009904DD /* TimeInTests.xctest */,
			);
			name = Products;
			sourceTree = "<group>";
		};
		BD075A6619BF7A9E009904DD /* Frameworks */ = {
			isa = PBXGroup;
			children = (
				BD075A6719BF7A9E009904DD /* Foundation.framework */,
				BD075A6919BF7A9E009904DD /* CoreGraphics.framework */,
				BD075A6B19BF7A9E009904DD /* UIKit.framework */,
				BD075A8019BF7A9E009904DD /* XCTest.framework */,
			);
			name = Frameworks;
			sourceTree = "<group>";
		};
		BD075A6D19BF7A9E009904DD /* TimeIn */ = {
			isa = PBXGroup;
			children = (
				BD075AB919C044D3009904DD /* Classes */,
				BD075AA119BF99A4009904DD /* View */,
				BD075A9F19BF9866009904DD /* Controller */,
				BD075A7619BF7A9E009904DD /* DBTAppDelegate.h */,
				BD075A7719BF7A9E009904DD /* DBTAppDelegate.m */,
				BD075AA019BF98A6009904DD /* Model */,
				BD075A7919BF7A9E009904DD /* Images.xcassets */,
				BD075A6E19BF7A9E009904DD /* Supporting Files */,
			);
			path = TimeIn;
			sourceTree = "<group>";
		};
		BD075A6E19BF7A9E009904DD /* Supporting Files */ = {
			isa = PBXGroup;
			children = (
				BD075A6F19BF7A9E009904DD /* TimeIn-Info.plist */,
				BD075A7019BF7A9E009904DD /* InfoPlist.strings */,
				BD075A7319BF7A9E009904DD /* main.m */,
				BD075A7519BF7A9E009904DD /* TimeIn-Prefix.pch */,
			);
			name = "Supporting Files";
			sourceTree = "<group>";
		};
		BD075A8619BF7A9E009904DD /* TimeInTests */ = {
			isa = PBXGroup;
			children = (
				BD075A8C19BF7A9E009904DD /* TimeInTests.m */,
				BD075A8719BF7A9E009904DD /* Supporting Files */,
			);
			path = TimeInTests;
			sourceTree = "<group>";
		};
		BD075A8719BF7A9E009904DD /* Supporting Files */ = {
			isa = PBXGroup;
			children = (
				BD075A8819BF7A9E009904DD /* TimeInTests-Info.plist */,
				BD075A8919BF7A9E009904DD /* InfoPlist.strings */,
			);
			name = "Supporting Files";
			sourceTree = "<group>";
		};
		BD075A9F19BF9866009904DD /* Controller */ = {
			isa = PBXGroup;
			children = (
				BD075A9619BF7B37009904DD /* DBTTimeRecordsViewController.h */,
				BD075A9719BF7B37009904DD /* DBTTimeRecordsViewController.m */,
				BD075AA419BFA4F4009904DD /* DBTDetailViewController.h */,
				BD075AA519BFA4F4009904DD /* DBTDetailViewController.m */,
				BD075AAF19C01A31009904DD /* DBTStatusViewController.h */,
				BD075AB019C01A31009904DD /* DBTStatusViewController.m */,
			);
			name = Controller;
			sourceTree = "<group>";
		};
		BD075AA019BF98A6009904DD /* Model */ = {
			isa = PBXGroup;
			children = (
				BD075A9919BF7F7B009904DD /* DBTTimeRecord.h */,
				BD075A9A19BF7F7B009904DD /* DBTTimeRecord.m */,
				BD075A9C19BF8651009904DD /* DBTTimeRecordStore.h */,
				BD075A9D19BF8651009904DD /* DBTTimeRecordStore.m */,
			);
			name = Model;
			sourceTree = "<group>";
		};
		BD075AA119BF99A4009904DD /* View */ = {
			isa = PBXGroup;
			children = (
				BD075AB219C01C61009904DD /* DBTStatusView.h */,
				BD075AB319C01C61009904DD /* DBTStatusView.m */,
				BD075AA619BFA4F4009904DD /* DBTDetailViewController.xib */,
				BD075AA219BF99D3009904DD /* HeaderView.xib */,
			);
			name = View;
			sourceTree = "<group>";
		};
		BD075AB919C044D3009904DD /* Classes */ = {
			isa = PBXGroup;
			children = (
				BD075ABA19C044E5009904DD /* Constants.h */,
				BD075ABB19C0454D009904DD /* Macros.h */,
			);
			name = Classes;
			sourceTree = "<group>";
		};
/* End PBXGroup section */

/* Begin PBXNativeTarget section */
		BD075A6319BF7A9E009904DD /* TimeIn */ = {
			isa = PBXNativeTarget;
			buildConfigurationList = BD075A9019BF7A9E009904DD /* Build configuration list for PBXNativeTarget "TimeIn" */;
			buildPhases = (
				BD075A6019BF7A9E009904DD /* Sources */,
				BD075A6119BF7A9E009904DD /* Frameworks */,
				BD075A6219BF7A9E009904DD /* Resources */,
			);
			buildRules = (
			);
			dependencies = (
			);
			name = TimeIn;
			productName = TimeIn;
			productReference = BD075A6419BF7A9E009904DD /* TimeIn.app */;
			productType = "com.apple.product-type.application";
		};
		BD075A7E19BF7A9E009904DD /* TimeInTests */ = {
			isa = PBXNativeTarget;
			buildConfigurationList = BD075A9319BF7A9E009904DD /* Build configuration list for PBXNativeTarget "TimeInTests" */;
			buildPhases = (
				BD075A7B19BF7A9E009904DD /* Sources */,
				BD075A7C19BF7A9E009904DD /* Frameworks */,
				BD075A7D19BF7A9E009904DD /* Resources */,
			);
			buildRules = (
			);
			dependencies = (
				BD075A8519BF7A9E009904DD /* PBXTargetDependency */,
			);
			name = TimeInTests;
			productName = TimeInTests;
			productReference = BD075A7F19BF7A9E009904DD /* TimeInTests.xctest */;
			productType = "com.apple.product-type.bundle.unit-test";
		};
/* End PBXNativeTarget section */

/* Begin PBXProject section */
		BD075A5C19BF7A9E009904DD /* Project object */ = {
			isa = PBXProject;
			attributes = {
				CLASSPREFIX = DBT;
				LastUpgradeCheck = 0510;
				ORGANIZATIONNAME = "dennis tinoy";
				TargetAttributes = {
					BD075A7E19BF7A9E009904DD = {
						TestTargetID = BD075A6319BF7A9E009904DD;
					};
				};
			};
			buildConfigurationList = BD075A5F19BF7A9E009904DD /* Build configuration list for PBXProject "TimeIn" */;
			compatibilityVersion = "Xcode 3.2";
			developmentRegion = English;
			hasScannedForEncodings = 0;
			knownRegions = (
				en,
			);
			mainGroup = BD075A5B19BF7A9E009904DD;
			productRefGroup = BD075A6519BF7A9E009904DD /* Products */;
			projectDirPath = "";
			projectRoot = "";
			targets = (
				BD075A6319BF7A9E009904DD /* TimeIn */,
				BD075A7E19BF7A9E009904DD /* TimeInTests */,
			);
		};
/* End PBXProject section */

/* Begin PBXResourcesBuildPhase section */
		BD075A6219BF7A9E009904DD /* Resources */ = {
			isa = PBXResourcesBuildPhase;
			buildActionMask = 2147483647;
			files = (
				BD075AA819BFA4F4009904DD /* DBTDetailViewController.xib in Resources */,
				BD075AA319BF99D3009904DD /* HeaderView.xib in Resources */,
				BD075A7219BF7A9E009904DD /* InfoPlist.strings in Resources */,
				BD075A7A19BF7A9E009904DD /* Images.xcassets in Resources */,
			);
			runOnlyForDeploymentPostprocessing = 0;
		};
		BD075A7D19BF7A9E009904DD /* Resources */ = {
			isa = PBXResourcesBuildPhase;
			buildActionMask = 2147483647;
			files = (
				BD075A8B19BF7A9E009904DD /* InfoPlist.strings in Resources */,
			);
			runOnlyForDeploymentPostprocessing = 0;
		};
/* End PBXResourcesBuildPhase section */

/* Begin PBXSourcesBuildPhase section */
		BD075A6019BF7A9E009904DD /* Sources */ = {
			isa = PBXSourcesBuildPhase;
			buildActionMask = 2147483647;
			files = (
				BD075A7419BF7A9E009904DD /* main.m in Sources */,
				BD075AB419C01C61009904DD /* DBTStatusView.m in Sources */,
				BD075AB119C01A31009904DD /* DBTStatusViewController.m in Sources */,
				BD075A9819BF7B37009904DD /* DBTTimeRecordsViewController.m in Sources */,
				BD075AA719BFA4F4009904DD /* DBTDetailViewController.m in Sources */,
				BD075A9B19BF7F7B009904DD /* DBTTimeRecord.m in Sources */,
				BD075A7819BF7A9E009904DD /* DBTAppDelegate.m in Sources */,
				BD075A9E19BF8651009904DD /* DBTTimeRecordStore.m in Sources */,
			);
			runOnlyForDeploymentPostprocessing = 0;
		};
		BD075A7B19BF7A9E009904DD /* Sources */ = {
			isa = PBXSourcesBuildPhase;
			buildActionMask = 2147483647;
			files = (
				BD075A8D19BF7A9E009904DD /* TimeInTests.m in Sources */,
			);
			runOnlyForDeploymentPostprocessing = 0;
		};
/* End PBXSourcesBuildPhase section */

/* Begin PBXTargetDependency section */
		BD075A8519BF7A9E009904DD /* PBXTargetDependency */ = {
			isa = PBXTargetDependency;
			target = BD075A6319BF7A9E009904DD /* TimeIn */;
			targetProxy = BD075A8419BF7A9E009904DD /* PBXContainerItemProxy */;
		};
/* End PBXTargetDependency section */

/* Begin PBXVariantGroup section */
		BD075A7019BF7A9E009904DD /* InfoPlist.strings */ = {
			isa = PBXVariantGroup;
			children = (
				BD075A7119BF7A9E009904DD /* en */,
			);
			name = InfoPlist.strings;
			sourceTree = "<group>";
		};
		BD075A8919BF7A9E009904DD /* InfoPlist.strings */ = {
			isa = PBXVariantGroup;
			children = (
				BD075A8A19BF7A9E009904DD /* en */,
			);
			name = InfoPlist.strings;
			sourceTree = "<group>";
		};
/* End PBXVariantGroup section */

/* Begin XCBuildConfiguration section */
		BD075A8E19BF7A9E009904DD /* Debug */ = {
			isa = XCBuildConfiguration;
			buildSettings = {
				ALWAYS_SEARCH_USER_PATHS = NO;
				CLANG_CXX_LANGUAGE_STANDARD = "gnu++0x";
				CLANG_CXX_LIBRARY = "libc++";
				CLANG_ENABLE_MODULES = YES;
				CLANG_ENABLE_OBJC_ARC = YES;
				CLANG_WARN_BOOL_CONVERSION = YES;
				CLANG_WARN_CONSTANT_CONVERSION = YES;
				CLANG_WARN_DIRECT_OBJC_ISA_USAGE = YES_ERROR;
				CLANG_WARN_EMPTY_BODY = YES;
				CLANG_WARN_ENUM_CONVERSION = YES;
				CLANG_WARN_INT_CONVERSION = YES;
				CLANG_WARN_OBJC_ROOT_CLASS = YES_ERROR;
				CLANG_WARN__DUPLICATE_METHOD_MATCH = YES;
				"CODE_SIGN_IDENTITY[sdk=iphoneos*]" = "iPhone Developer";
				COPY_PHASE_STRIP = NO;
				GCC_C_LANGUAGE_STANDARD = gnu99;
				GCC_DYNAMIC_NO_PIC = NO;
				GCC_OPTIMIZATION_LEVEL = 0;
				GCC_PREPROCESSOR_DEFINITIONS = (
					"DEBUG=1",
					"$(inherited)",
				);
				GCC_SYMBOLS_PRIVATE_EXTERN = NO;
				GCC_WARN_64_TO_32_BIT_CONVERSION = YES;
				GCC_WARN_ABOUT_RETURN_TYPE = YES_ERROR;
				GCC_WARN_UNDECLARED_SELECTOR = YES;
				GCC_WARN_UNINITIALIZED_AUTOS = YES_AGGRESSIVE;
				GCC_WARN_UNUSED_FUNCTION = YES;
				GCC_WARN_UNUSED_VARIABLE = YES;
				IPHONEOS_DEPLOYMENT_TARGET = 7.1;
				ONLY_ACTIVE_ARCH = YES;
				SDKROOT = iphoneos;
			};
			name = Debug;
		};
		BD075A8F19BF7A9E009904DD /* Release */ = {
			isa = XCBuildConfiguration;
			buildSettings = {
				ALWAYS_SEARCH_USER_PATHS = NO;
				CLANG_CXX_LANGUAGE_STANDARD = "gnu++0x";
				CLANG_CXX_LIBRARY = "libc++";
				CLANG_ENABLE_MODULES = YES;
				CLANG_ENABLE_OBJC_ARC = YES;
				CLANG_WARN_BOOL_CONVERSION = YES;
				CLANG_WARN_CONSTANT_CONVERSION = YES;
				CLANG_WARN_DIRECT_OBJC_ISA_USAGE = YES_ERROR;
				CLANG_WARN_EMPTY_BODY = YES;
				CLANG_WARN_ENUM_CONVERSION = YES;
				CLANG_WARN_INT_CONVERSION = YES;
				CLANG_WARN_OBJC_ROOT_CLASS = YES_ERROR;
				CLANG_WARN__DUPLICATE_METHOD_MATCH = YES;
				"CODE_SIGN_IDENTITY[sdk=iphoneos*]" = "iPhone Developer";
				COPY_PHASE_STRIP = YES;
				ENABLE_NS_ASSERTIONS = NO;
				GCC_C_LANGUAGE_STANDARD = gnu99;
				GCC_WARN_64_TO_32_BIT_CONVERSION = YES;
				GCC_WARN_ABOUT_RETURN_TYPE = YES_ERROR;
				GCC_WARN_UNDECLARED_SELECTOR = YES;
				GCC_WARN_UNINITIALIZED_AUTOS = YES_AGGRESSIVE;
				GCC_WARN_UNUSED_FUNCTION = YES;
				GCC_WARN_UNUSED_VARIABLE = YES;
				IPHONEOS_DEPLOYMENT_TARGET = 7.1;
				SDKROOT = iphoneos;
				VALIDATE_PRODUCT = YES;
			};
			name = Release;
		};
		BD075A9119BF7A9E009904DD /* Debug */ = {
			isa = XCBuildConfiguration;
			buildSettings = {
				ASSETCATALOG_COMPILER_APPICON_NAME = AppIcon;
				ASSETCATALOG_COMPILER_LAUNCHIMAGE_NAME = LaunchImage;
				GCC_PRECOMPILE_PREFIX_HEADER = YES;
				GCC_PREFIX_HEADER = "TimeIn/TimeIn-Prefix.pch";
				INFOPLIST_FILE = "TimeIn/TimeIn-Info.plist";
				PRODUCT_NAME = "$(TARGET_NAME)";
				WRAPPER_EXTENSION = app;
			};
			name = Debug;
		};
		BD075A9219BF7A9E009904DD /* Release */ = {
			isa = XCBuildConfiguration;
			buildSettings = {
				ASSETCATALOG_COMPILER_APPICON_NAME = AppIcon;
				ASSETCATALOG_COMPILER_LAUNCHIMAGE_NAME = LaunchImage;
				GCC_PRECOMPILE_PREFIX_HEADER = YES;
				GCC_PREFIX_HEADER = "TimeIn/TimeIn-Prefix.pch";
				INFOPLIST_FILE = "TimeIn/TimeIn-Info.plist";
				PRODUCT_NAME = "$(TARGET_NAME)";
				WRAPPER_EXTENSION = app;
			};
			name = Release;
		};
		BD075A9419BF7A9E009904DD /* Debug */ = {
			isa = XCBuildConfiguration;
			buildSettings = {
				BUNDLE_LOADER = "$(BUILT_PRODUCTS_DIR)/TimeIn.app/TimeIn";
				FRAMEWORK_SEARCH_PATHS = (
					"$(SDKROOT)/Developer/Library/Frameworks",
					"$(inherited)",
					"$(DEVELOPER_FRAMEWORKS_DIR)",
				);
				GCC_PRECOMPILE_PREFIX_HEADER = YES;
				GCC_PREFIX_HEADER = "TimeIn/TimeIn-Prefix.pch";
				GCC_PREPROCESSOR_DEFINITIONS = (
					"DEBUG=1",
					"$(inherited)",
				);
				INFOPLIST_FILE = "TimeInTests/TimeInTests-Info.plist";
				PRODUCT_NAME = "$(TARGET_NAME)";
				TEST_HOST = "$(BUNDLE_LOADER)";
				WRAPPER_EXTENSION = xctest;
			};
			name = Debug;
		};
		BD075A9519BF7A9E009904DD /* Release */ = {
			isa = XCBuildConfiguration;
			buildSettings = {
				BUNDLE_LOADER = "$(BUILT_PRODUCTS_DIR)/TimeIn.app/TimeIn";
				FRAMEWORK_SEARCH_PATHS = (
					"$(SDKROOT)/Developer/Library/Frameworks",
					"$(inherited)",
					"$(DEVELOPER_FRAMEWORKS_DIR)",
				);
				GCC_PRECOMPILE_PREFIX_HEADER = YES;
				GCC_PREFIX_HEADER = "TimeIn/TimeIn-Prefix.pch";
				INFOPLIST_FILE = "TimeInTests/TimeInTests-Info.plist";
				PRODUCT_NAME = "$(TARGET_NAME)";
				TEST_HOST = "$(BUNDLE_LOADER)";
				WRAPPER_EXTENSION = xctest;
			};
			name = Release;
		};
/* End XCBuildConfiguration section */

/* Begin XCConfigurationList section */
		BD075A5F19BF7A9E009904DD /* Build configuration list for PBXProject "TimeIn" */ = {
			isa = XCConfigurationList;
			buildConfigurations = (
				BD075A8E19BF7A9E009904DD /* Debug */,
				BD075A8F19BF7A9E009904DD /* Release */,
			);
			defaultConfigurationIsVisible = 0;
			defaultConfigurationName = Release;
		};
		BD075A9019BF7A9E009904DD /* Build configuration list for PBXNativeTarget "TimeIn" */ = {
			isa = XCConfigurationList;
			buildConfigurations = (
				BD075A9119BF7A9E009904DD /* Debug */,
				BD075A9219BF7A9E009904DD /* Release */,
			);
			defaultConfigurationIsVisible = 0;
		};
		BD075A9319BF7A9E009904DD /* Build configuration list for PBXNativeTarget "TimeInTests" */ = {
			isa = XCConfigurationList;
			buildConfigurations = (
				BD075A9419BF7A9E009904DD /* Debug */,
				BD075A9519BF7A9E009904DD /* Release */,
			);
			defaultConfigurationIsVisible = 0;
		};
/* End XCConfigurationList section */
	};
	rootObject = BD075A5C19BF7A9E009904DD /* Project object */;
}
